#MicroXplorer Configuration settings - do not modify
CORTEX_M33_NS.userName=CORTEX_M33
File.Version=6
GPIO.groupedBy=Group By Peripherals
KeepUserPlacement=true
Mcu.CPN=STM32U575VGT3
Mcu.ContextProject=TrustZoneDisabled
Mcu.Family=STM32U5
Mcu.IP0=CORTEX_M33_NS
Mcu.IP1=ICACHE
Mcu.IP2=NVIC
Mcu.IP3=RCC
Mcu.IP4=SYS
Mcu.IPNb=5
Mcu.Name=STM32U575VGTx
Mcu.Package=LQFP100
Mcu.Pin0=PC0
Mcu.Pin1=PC1
Mcu.Pin10=PE12
Mcu.Pin11=PE13
Mcu.Pin12=PE14
Mcu.Pin13=PE15
Mcu.Pin14=PB10
Mcu.Pin15=PD8
Mcu.Pin16=PD9
Mcu.Pin17=PC8
Mcu.Pin18=PC9
Mcu.Pin19=PA9
Mcu.Pin2=PA2
Mcu.Pin20=PA10
Mcu.Pin21=PA11
Mcu.Pin22=PA12
Mcu.Pin23=PC10
Mcu.Pin24=PC11
Mcu.Pin25=PC12
Mcu.Pin26=PD2
Mcu.Pin27=PB3 (JTDO/TRACESWO)
Mcu.Pin28=PB4 (NJTRST)
Mcu.Pin29=PB6
Mcu.Pin3=PA3
Mcu.Pin30=PB7
Mcu.Pin31=PB8
Mcu.Pin32=PB9
Mcu.Pin33=VP_ICACHE_VS_ICACHE
Mcu.Pin34=VP_ICACHE_VS_ENABLE_ICACHE_MEMORY
Mcu.Pin35=VP_SYS_VS_Systick
Mcu.Pin4=PA4
Mcu.Pin5=PA6
Mcu.Pin6=PA7
Mcu.Pin7=PB0
Mcu.Pin8=PB1
Mcu.Pin9=PE10
Mcu.PinsNb=36
Mcu.ThirdPartyNb=0
Mcu.UserConstants=
Mcu.UserName=STM32U575VGTx
MxCube.Version=6.6.1
MxDb.Version=DB.6.0.60
NVIC.BusFault_IRQn=true\:0\:0\:false\:false\:true\:false\:false\:false
NVIC.DebugMonitor_IRQn=true\:0\:0\:false\:false\:true\:false\:false\:false
NVIC.ForceEnableDMAVector=true
NVIC.HardFault_IRQn=true\:0\:0\:false\:false\:true\:false\:false\:false
NVIC.MemoryManagement_IRQn=true\:0\:0\:false\:false\:true\:false\:false\:false
NVIC.NonMaskableInt_IRQn=true\:0\:0\:false\:false\:true\:false\:false\:false
NVIC.PendSV_IRQn=true\:0\:0\:false\:false\:true\:false\:false\:false
NVIC.PriorityGroup=NVIC_PRIORITYGROUP_4
NVIC.SVCall_IRQn=true\:0\:0\:false\:false\:true\:false\:false\:false
NVIC.SysTick_IRQn=true\:15\:0\:false\:false\:true\:false\:true\:false
NVIC.UsageFault_IRQn=true\:0\:0\:false\:false\:true\:false\:false\:false
PA10.Locked=true
PA10.Signal=USART1_RX
PA11.Locked=true
PA11.Signal=USB_OTG_FS_DM
PA12.Locked=true
PA12.Signal=USB_OTG_FS_DP
PA2.Locked=true
PA2.Signal=USART2_TX
PA3.Locked=true
PA3.Signal=USART2_RX
PA4.Locked=true
PA4.Signal=OCTOSPIM_P1_NCS
PA6.Locked=true
PA6.Signal=OCTOSPIM_P1_IO3
PA7.Locked=true
PA7.Signal=OCTOSPIM_P1_IO2
PA9.Locked=true
PA9.Signal=USART1_TX
PB0.Locked=true
PB0.Signal=OCTOSPIM_P1_IO1
PB1.Locked=true
PB1.Signal=OCTOSPIM_P1_IO0
PB10.Locked=true
PB10.Signal=GPIO_Output
PB3\ (JTDO/TRACESWO).Locked=true
PB3\ (JTDO/TRACESWO).Signal=USART1_RTS
PB4\ (NJTRST).Locked=true
PB4\ (NJTRST).Signal=USART1_CTS
PB6.Locked=true
PB6.Signal=I2C1_SCL
PB7.Locked=true
PB7.Signal=I2C1_SDA
PB8.Locked=true
PB8.Signal=GPIO_Output
PB9.Locked=true
PB9.Signal=GPIO_Output
PC0.Locked=true
PC0.Signal=LPUART1_RX
PC1.Locked=true
PC1.Signal=LPUART1_TX
PC10.Locked=true
PC10.Signal=SDMMC1_D2
PC11.Locked=true
PC11.Signal=SDMMC1_D3
PC12.Locked=true
PC12.Signal=SDMMC1_CK
PC8.Locked=true
PC8.Signal=SDMMC1_D0
PC9.Locked=true
PC9.Signal=SDMMC1_D1
PD2.Locked=true
PD2.Signal=SDMMC1_CMD
PD8.Locked=true
PD8.Signal=USART3_TX
PD9.Locked=true
PD9.Signal=USART3_RX
PE10.Locked=true
PE10.Signal=OCTOSPIM_P1_CLK
PE12.Locked=true
PE12.Signal=SPI1_NSS
PE13.Locked=true
PE13.Signal=SPI1_SCK
PE14.Locked=true
PE14.Signal=SPI1_MISO
PE15.Locked=true
PE15.Signal=SPI1_MOSI
PinOutPanel.RotationAngle=0
ProjectManager.AskForMigrate=true
ProjectManager.BackupPrevious=false
ProjectManager.CompilerOptimize=6
ProjectManager.ComputerToolchain=false
ProjectManager.CoupleFile=false
ProjectManager.CustomerFirmwarePackage=
ProjectManager.DefaultFWLocation=true
ProjectManager.DeletePrevious=true
ProjectManager.DeviceId=STM32U575VGTx
ProjectManager.FirmwarePackage=STM32Cube FW_U5 V1.1.1
ProjectManager.FreePins=false
ProjectManager.HalAssertFull=false
ProjectManager.HeapSize=0x200
ProjectManager.KeepUserCode=true
ProjectManager.LPBAM.generateCode=
ProjectManager.LastFirmware=true
ProjectManager.LibraryCopy=1
ProjectManager.MainLocation=Core/Src
ProjectManager.NoMain=false
ProjectManager.PreviousToolchain=STM32CubeIDE
ProjectManager.ProjectBuild=false
ProjectManager.ProjectFileName=STM32U575VGT_Board.ioc
ProjectManager.ProjectName=STM32U575VGT_Board
ProjectManager.RegisterCallBack=
ProjectManager.StackSize=0x400
ProjectManager.TargetToolchain=STM32CubeIDE
ProjectManager.ToolChainLocation=
ProjectManager.UnderRoot=true
ProjectManager.functionlistsort=1-SystemClock_Config-RCC-false-HAL-false,2-MX_GPIO_Init-GPIO-false-HAL-true,3-MX_ICACHE_Init-ICACHE-false-HAL-true,0-MX_CORTEX_M33_NS_Init-CORTEX_M33_NS-false-HAL-true
RCC.DACCLockSelectionVirtualString=RCC_DAC1CLKSOURCE_LSI
RCC.IPParameters=DACCLockSelectionVirtualString,SYSCLKSource
RCC.SYSCLKSource=RCC_SYSCLKSOURCE_PLLCLK
VP_ICACHE_VS_ENABLE_ICACHE_MEMORY.Mode=Memoryregions
VP_ICACHE_VS_ENABLE_ICACHE_MEMORY.Signal=ICACHE_VS_ENABLE_ICACHE_MEMORY
VP_ICACHE_VS_ICACHE.Mode=DefaultMode
VP_ICACHE_VS_ICACHE.Signal=ICACHE_VS_ICACHE
VP_SYS_VS_Systick.Mode=SysTick
VP_SYS_VS_Systick.Signal=SYS_VS_Systick
board=custom
isbadioc=false
